
Microsoft Visual Studio Solution File, Format Version 12.00
# Visual Studio Version 16
VisualStudioVersion = 16.0.29424.173
MinimumVisualStudioVersion = 10.0.40219.1
Project("{2150E333-8FDC-42A3-9474-1A3956D46DE8}") = "src", "src", "{7A014BA3-3F58-46F3-BC91-E367BF202C13}"
EndProject
Project("{FAE04EC0-301F-11D3-BF4B-00C04F79EFBC}") = "Zero.Core.App.WebApi", "Zero.Core.App.WebApi\Zero.Core.App.WebApi.csproj", "{D23B5B05-5FE2-42CE-81EC-A8F664268BF5}"
EndProject
Project("{2150E333-8FDC-42A3-9474-1A3956D46DE8}") = "Web", "Web", "{4183774E-CC4F-4EA5-BD0B-486B644BA38B}"
EndProject
Project("{2150E333-8FDC-42A3-9474-1A3956D46DE8}") = "Infrastructure", "Infrastructure", "{DBBA4092-3C45-43D7-A58B-419B94AF28DF}"
EndProject
Project("{FAE04EC0-301F-11D3-BF4B-00C04F79EFBC}") = "Core.Tools", "Core.Tools\Core.Tools.csproj", "{D7495230-90F4-401F-B018-90ED54F9CC55}"
EndProject
Global
	GlobalSection(SolutionConfigurationPlatforms) = preSolution
		Debug|Any CPU = Debug|Any CPU
		Release|Any CPU = Release|Any CPU
	EndGlobalSection
	GlobalSection(ProjectConfigurationPlatforms) = postSolution
		{D23B5B05-5FE2-42CE-81EC-A8F664268BF5}.Debug|Any CPU.ActiveCfg = Debug|Any CPU
		{D23B5B05-5FE2-42CE-81EC-A8F664268BF5}.Debug|Any CPU.Build.0 = Debug|Any CPU
		{D23B5B05-5FE2-42CE-81EC-A8F664268BF5}.Release|Any CPU.ActiveCfg = Release|Any CPU
		{D23B5B05-5FE2-42CE-81EC-A8F664268BF5}.Release|Any CPU.Build.0 = Release|Any CPU
		{D7495230-90F4-401F-B018-90ED54F9CC55}.Debug|Any CPU.ActiveCfg = Debug|Any CPU
		{D7495230-90F4-401F-B018-90ED54F9CC55}.Debug|Any CPU.Build.0 = Debug|Any CPU
		{D7495230-90F4-401F-B018-90ED54F9CC55}.Release|Any CPU.ActiveCfg = Release|Any CPU
		{D7495230-90F4-401F-B018-90ED54F9CC55}.Release|Any CPU.Build.0 = Release|Any CPU
	EndGlobalSection
	GlobalSection(SolutionProperties) = preSolution
		HideSolutionNode = FALSE
	EndGlobalSection
	GlobalSection(NestedProjects) = preSolution
		{D23B5B05-5FE2-42CE-81EC-A8F664268BF5} = {4183774E-CC4F-4EA5-BD0B-486B644BA38B}
		{4183774E-CC4F-4EA5-BD0B-486B644BA38B} = {7A014BA3-3F58-46F3-BC91-E367BF202C13}
		{DBBA4092-3C45-43D7-A58B-419B94AF28DF} = {7A014BA3-3F58-46F3-BC91-E367BF202C13}
		{D7495230-90F4-401F-B018-90ED54F9CC55} = {DBBA4092-3C45-43D7-A58B-419B94AF28DF}
	EndGlobalSection
	GlobalSection(ExtensibilityGlobals) = postSolution
		SolutionGuid = {05ACB206-D065-42FC-85B1-6782B04401B0}
	EndGlobalSection
EndGlobal
