
Microsoft Visual Studio Solution File, Format Version 12.00
# Visual Studio Version 16
VisualStudioVersion = 16.0.29424.173
MinimumVisualStudioVersion = 10.0.40219.1
Project("{2150E333-8FDC-42A3-9474-1A3956D46DE8}") = "src", "src", "{7A014BA3-3F58-46F3-BC91-E367BF202C13}"
EndProject
Project("{FAE04EC0-301F-11D3-BF4B-00C04F79EFBC}") = "Zero.Core.App.WebApi", "Zero.Core.App.WebApi\Zero.Core.App.WebApi.csproj", "{D23B5B05-5FE2-42CE-81EC-A8F664268BF5}"
EndProject
Global
	GlobalSection(SolutionConfigurationPlatforms) = preSolution
		Debug|Any CPU = Debug|Any CPU
		Release|Any CPU = Release|Any CPU
	EndGlobalSection
	GlobalSection(ProjectConfigurationPlatforms) = postSolution
		{D23B5B05-5FE2-42CE-81EC-A8F664268BF5}.Debug|Any CPU.ActiveCfg = Debug|Any CPU
		{D23B5B05-5FE2-42CE-81EC-A8F664268BF5}.Debug|Any CPU.Build.0 = Debug|Any CPU
		{D23B5B05-5FE2-42CE-81EC-A8F664268BF5}.Release|Any CPU.ActiveCfg = Release|Any CPU
		{D23B5B05-5FE2-42CE-81EC-A8F664268BF5}.Release|Any CPU.Build.0 = Release|Any CPU
	EndGlobalSection
	GlobalSection(SolutionProperties) = preSolution
		HideSolutionNode = FALSE
	EndGlobalSection
	GlobalSection(NestedProjects) = preSolution
		{D23B5B05-5FE2-42CE-81EC-A8F664268BF5} = {7A014BA3-3F58-46F3-BC91-E367BF202C13}
	EndGlobalSection
	GlobalSection(ExtensibilityGlobals) = postSolution
		SolutionGuid = {05ACB206-D065-42FC-85B1-6782B04401B0}
	EndGlobalSection
EndGlobal
