
Microsoft Visual Studio Solution File, Format Version 12.00
# Visual Studio Version 16
VisualStudioVersion = 16.0.29424.173
MinimumVisualStudioVersion = 10.0.40219.1
Project("{2150E333-8FDC-42A3-9474-1A3956D46DE8}") = "src", "src", "{7A014BA3-3F58-46F3-BC91-E367BF202C13}"
EndProject
Project("{9A19103F-16F7-4668-BE54-9A1E7A4F7556}") = "Zero.Core.App.WebApi", "Zero.Core.App.WebApi\Zero.Core.App.WebApi.csproj", "{D23B5B05-5FE2-42CE-81EC-A8F664268BF5}"
EndProject
Project("{2150E333-8FDC-42A3-9474-1A3956D46DE8}") = "Web", "Web", "{4183774E-CC4F-4EA5-BD0B-486B644BA38B}"
EndProject
Project("{2150E333-8FDC-42A3-9474-1A3956D46DE8}") = "Infrastructure", "Infrastructure", "{DBBA4092-3C45-43D7-A58B-419B94AF28DF}"
EndProject
Project("{9A19103F-16F7-4668-BE54-9A1E7A4F7556}") = "Core.Tools", "Core.Tools\Core.Tools.csproj", "{D7495230-90F4-401F-B018-90ED54F9CC55}"
EndProject
Project("{2150E333-8FDC-42A3-9474-1A3956D46DE8}") = "Application", "Application", "{C3FE43A1-7F83-4BF6-8CF4-AEF28317042F}"
EndProject
Project("{9A19103F-16F7-4668-BE54-9A1E7A4F7556}") = "Core.IService", "Core.IService\Core.IService.csproj", "{13DE716D-8B35-4F4F-9DE5-5B8F2205C734}"
EndProject
Project("{9A19103F-16F7-4668-BE54-9A1E7A4F7556}") = "Core.Service", "Core.Service\Core.Service.csproj", "{6755EF4F-E59B-479D-8CE7-DAF2D5B52B0E}"
EndProject
Global
	GlobalSection(SolutionConfigurationPlatforms) = preSolution
		Debug|Any CPU = Debug|Any CPU
		Release|Any CPU = Release|Any CPU
	EndGlobalSection
	GlobalSection(ProjectConfigurationPlatforms) = postSolution
		{D23B5B05-5FE2-42CE-81EC-A8F664268BF5}.Debug|Any CPU.ActiveCfg = Debug|Any CPU
		{D23B5B05-5FE2-42CE-81EC-A8F664268BF5}.Debug|Any CPU.Build.0 = Debug|Any CPU
		{D23B5B05-5FE2-42CE-81EC-A8F664268BF5}.Release|Any CPU.ActiveCfg = Release|Any CPU
		{D23B5B05-5FE2-42CE-81EC-A8F664268BF5}.Release|Any CPU.Build.0 = Release|Any CPU
		{D7495230-90F4-401F-B018-90ED54F9CC55}.Debug|Any CPU.ActiveCfg = Debug|Any CPU
		{D7495230-90F4-401F-B018-90ED54F9CC55}.Debug|Any CPU.Build.0 = Debug|Any CPU
		{D7495230-90F4-401F-B018-90ED54F9CC55}.Release|Any CPU.ActiveCfg = Release|Any CPU
		{D7495230-90F4-401F-B018-90ED54F9CC55}.Release|Any CPU.Build.0 = Release|Any CPU
		{13DE716D-8B35-4F4F-9DE5-5B8F2205C734}.Debug|Any CPU.ActiveCfg = Debug|Any CPU
		{13DE716D-8B35-4F4F-9DE5-5B8F2205C734}.Debug|Any CPU.Build.0 = Debug|Any CPU
		{13DE716D-8B35-4F4F-9DE5-5B8F2205C734}.Release|Any CPU.ActiveCfg = Release|Any CPU
		{13DE716D-8B35-4F4F-9DE5-5B8F2205C734}.Release|Any CPU.Build.0 = Release|Any CPU
		{6755EF4F-E59B-479D-8CE7-DAF2D5B52B0E}.Debug|Any CPU.ActiveCfg = Debug|Any CPU
		{6755EF4F-E59B-479D-8CE7-DAF2D5B52B0E}.Debug|Any CPU.Build.0 = Debug|Any CPU
		{6755EF4F-E59B-479D-8CE7-DAF2D5B52B0E}.Release|Any CPU.ActiveCfg = Release|Any CPU
		{6755EF4F-E59B-479D-8CE7-DAF2D5B52B0E}.Release|Any CPU.Build.0 = Release|Any CPU
	EndGlobalSection
	GlobalSection(SolutionProperties) = preSolution
		HideSolutionNode = FALSE
	EndGlobalSection
	GlobalSection(NestedProjects) = preSolution
		{D23B5B05-5FE2-42CE-81EC-A8F664268BF5} = {4183774E-CC4F-4EA5-BD0B-486B644BA38B}
		{4183774E-CC4F-4EA5-BD0B-486B644BA38B} = {7A014BA3-3F58-46F3-BC91-E367BF202C13}
		{DBBA4092-3C45-43D7-A58B-419B94AF28DF} = {7A014BA3-3F58-46F3-BC91-E367BF202C13}
		{D7495230-90F4-401F-B018-90ED54F9CC55} = {DBBA4092-3C45-43D7-A58B-419B94AF28DF}
		{C3FE43A1-7F83-4BF6-8CF4-AEF28317042F} = {7A014BA3-3F58-46F3-BC91-E367BF202C13}
		{13DE716D-8B35-4F4F-9DE5-5B8F2205C734} = {C3FE43A1-7F83-4BF6-8CF4-AEF28317042F}
		{6755EF4F-E59B-479D-8CE7-DAF2D5B52B0E} = {C3FE43A1-7F83-4BF6-8CF4-AEF28317042F}
	EndGlobalSection
	GlobalSection(ExtensibilityGlobals) = postSolution
		SolutionGuid = {05ACB206-D065-42FC-85B1-6782B04401B0}
	EndGlobalSection
EndGlobal
